
Microsoft Visual Studio Solution File, Format Version 12.00
# Visual Studio Version 17
VisualStudioVersion = 17.5.002.0
MinimumVisualStudioVersion = 10.0.40219.1
Project("{9A19103F-16F7-4668-BE54-9A1E7A4F7556}") = "ReadTextFile", "ReadTextFile.csproj", "{56F647A0-26EF-4960-87CD-02ED9A0E3DA8}"
EndProject
Global
	GlobalSection(SolutionConfigurationPlatforms) = preSolution
		Debug|Any CPU = Debug|Any CPU
		Release|Any CPU = Release|Any CPU
	EndGlobalSection
	GlobalSection(ProjectConfigurationPlatforms) = postSolution
		{56F647A0-26EF-4960-87CD-02ED9A0E3DA8}.Debug|Any CPU.ActiveCfg = Debug|Any CPU
		{56F647A0-26EF-4960-87CD-02ED9A0E3DA8}.Debug|Any CPU.Build.0 = Debug|Any CPU
		{56F647A0-26EF-4960-87CD-02ED9A0E3DA8}.Release|Any CPU.ActiveCfg = Release|Any CPU
		{56F647A0-26EF-4960-87CD-02ED9A0E3DA8}.Release|Any CPU.Build.0 = Release|Any CPU
	EndGlobalSection
	GlobalSection(SolutionProperties) = preSolution
		HideSolutionNode = FALSE
	EndGlobalSection
	GlobalSection(ExtensibilityGlobals) = postSolution
		SolutionGuid = {CD523B13-2205-4FB4-B8F2-0E2496ACD0AA}
	EndGlobalSection
EndGlobal
